
Microsoft Visual Studio Solution File, Format Version 12.00
# Visual Studio Version 17
VisualStudioVersion = 17.13.35825.156 d17.13
MinimumVisualStudioVersion = 10.0.40219.1
Project("{FAE04EC0-301F-11D3-BF4B-00C04F79EFBC}") = "Demo1703", "Demo1703\Demo1703.csproj", "{00FFDB96-7B1E-4AE8-A059-D66D828F0E60}"
EndProject
Global
	GlobalSection(SolutionConfigurationPlatforms) = preSolution
		Debug|Any CPU = Debug|Any CPU
		Release|Any CPU = Release|Any CPU
	EndGlobalSection
	GlobalSection(ProjectConfigurationPlatforms) = postSolution
		{00FFDB96-7B1E-4AE8-A059-D66D828F0E60}.Debug|Any CPU.ActiveCfg = Debug|Any CPU
		{00FFDB96-7B1E-4AE8-A059-D66D828F0E60}.Debug|Any CPU.Build.0 = Debug|Any CPU
		{00FFDB96-7B1E-4AE8-A059-D66D828F0E60}.Release|Any CPU.ActiveCfg = Release|Any CPU
		{00FFDB96-7B1E-4AE8-A059-D66D828F0E60}.Release|Any CPU.Build.0 = Release|Any CPU
	EndGlobalSection
	GlobalSection(SolutionProperties) = preSolution
		HideSolutionNode = FALSE
	EndGlobalSection
	GlobalSection(ExtensibilityGlobals) = postSolution
		SolutionGuid = {B761B1DA-0915-4F88-82B0-060332C1AFAA}
	EndGlobalSection
EndGlobal
